
Microsoft Visual Studio Solution File, Format Version 12.00
# Visual Studio Version 16
VisualStudioVersion = 16.0.30204.135
MinimumVisualStudioVersion = 10.0.40219.1
Project("{8BC9CEB8-8B4A-11D0-8D11-00A0C91BC942}") = "Merge_Two_Sorted_Lists", "Merge_Two_Sorted_Lists\Merge_Two_Sorted_Lists.vcxproj", "{5612E66A-8183-4A0D-A740-CA692495BA05}"
EndProject
Project("{8BC9CEB8-8B4A-11D0-8D11-00A0C91BC942}") = "Remove_Linked_List_Elements", "Remove_Linked_List_Elements\Remove_Linked_List_Elements.vcxproj", "{37580A45-00F7-4C74-8BFB-A53590562CD7}"
EndProject
Project("{8BC9CEB8-8B4A-11D0-8D11-00A0C91BC942}") = "Remove_Duplicates_from_Sorted_List", "Remove_Duplicates_from_Sorted_List\Remove_Duplicates_from_Sorted_List.vcxproj", "{EFDB95E8-C4E2-49B9-8928-5D35B8616BD8}"
EndProject
Project("{8BC9CEB8-8B4A-11D0-8D11-00A0C91BC942}") = "Linked_List_Cycle", "Linked_List_Cycle\Linked_List_Cycle.vcxproj", "{12D2947B-2B4E-437C-B82F-24E18FBF9E3E}"
EndProject
Project("{8BC9CEB8-8B4A-11D0-8D11-00A0C91BC942}") = "Palindrome_Linked_List", "Palindrome_Linked_List\Palindrome_Linked_List.vcxproj", "{5717FE87-C42B-4285-BDC1-7545C48C53B5}"
EndProject
Project("{8BC9CEB8-8B4A-11D0-8D11-00A0C91BC942}") = "Convert_Binary_Number_in_a_Linked_List_to_Integer", "Convert_Binary_Number_in_a_Linked_List_to_Integer\Convert_Binary_Number_in_a_Linked_List_to_Integer.vcxproj", "{6B85663B-742A-4566-BD7A-BB6BDF46F35B}"
EndProject
Global
	GlobalSection(SolutionConfigurationPlatforms) = preSolution
		Debug|x64 = Debug|x64
		Debug|x86 = Debug|x86
		Release|x64 = Release|x64
		Release|x86 = Release|x86
	EndGlobalSection
	GlobalSection(ProjectConfigurationPlatforms) = postSolution
		{5612E66A-8183-4A0D-A740-CA692495BA05}.Debug|x64.ActiveCfg = Debug|x64
		{5612E66A-8183-4A0D-A740-CA692495BA05}.Debug|x64.Build.0 = Debug|x64
		{5612E66A-8183-4A0D-A740-CA692495BA05}.Debug|x86.ActiveCfg = Debug|Win32
		{5612E66A-8183-4A0D-A740-CA692495BA05}.Debug|x86.Build.0 = Debug|Win32
		{5612E66A-8183-4A0D-A740-CA692495BA05}.Release|x64.ActiveCfg = Release|x64
		{5612E66A-8183-4A0D-A740-CA692495BA05}.Release|x64.Build.0 = Release|x64
		{5612E66A-8183-4A0D-A740-CA692495BA05}.Release|x86.ActiveCfg = Release|Win32
		{5612E66A-8183-4A0D-A740-CA692495BA05}.Release|x86.Build.0 = Release|Win32
		{37580A45-00F7-4C74-8BFB-A53590562CD7}.Debug|x64.ActiveCfg = Debug|x64
		{37580A45-00F7-4C74-8BFB-A53590562CD7}.Debug|x64.Build.0 = Debug|x64
		{37580A45-00F7-4C74-8BFB-A53590562CD7}.Debug|x86.ActiveCfg = Debug|Win32
		{37580A45-00F7-4C74-8BFB-A53590562CD7}.Debug|x86.Build.0 = Debug|Win32
		{37580A45-00F7-4C74-8BFB-A53590562CD7}.Release|x64.ActiveCfg = Release|x64
		{37580A45-00F7-4C74-8BFB-A53590562CD7}.Release|x64.Build.0 = Release|x64
		{37580A45-00F7-4C74-8BFB-A53590562CD7}.Release|x86.ActiveCfg = Release|Win32
		{37580A45-00F7-4C74-8BFB-A53590562CD7}.Release|x86.Build.0 = Release|Win32
		{EFDB95E8-C4E2-49B9-8928-5D35B8616BD8}.Debug|x64.ActiveCfg = Debug|x64
		{EFDB95E8-C4E2-49B9-8928-5D35B8616BD8}.Debug|x64.Build.0 = Debug|x64
		{EFDB95E8-C4E2-49B9-8928-5D35B8616BD8}.Debug|x86.ActiveCfg = Debug|Win32
		{EFDB95E8-C4E2-49B9-8928-5D35B8616BD8}.Debug|x86.Build.0 = Debug|Win32
		{EFDB95E8-C4E2-49B9-8928-5D35B8616BD8}.Release|x64.ActiveCfg = Release|x64
		{EFDB95E8-C4E2-49B9-8928-5D35B8616BD8}.Release|x64.Build.0 = Release|x64
		{EFDB95E8-C4E2-49B9-8928-5D35B8616BD8}.Release|x86.ActiveCfg = Release|Win32
		{EFDB95E8-C4E2-49B9-8928-5D35B8616BD8}.Release|x86.Build.0 = Release|Win32
		{12D2947B-2B4E-437C-B82F-24E18FBF9E3E}.Debug|x64.ActiveCfg = Debug|x64
		{12D2947B-2B4E-437C-B82F-24E18FBF9E3E}.Debug|x64.Build.0 = Debug|x64
		{12D2947B-2B4E-437C-B82F-24E18FBF9E3E}.Debug|x86.ActiveCfg = Debug|Win32
		{12D2947B-2B4E-437C-B82F-24E18FBF9E3E}.Debug|x86.Build.0 = Debug|Win32
		{12D2947B-2B4E-437C-B82F-24E18FBF9E3E}.Release|x64.ActiveCfg = Release|x64
		{12D2947B-2B4E-437C-B82F-24E18FBF9E3E}.Release|x64.Build.0 = Release|x64
		{12D2947B-2B4E-437C-B82F-24E18FBF9E3E}.Release|x86.ActiveCfg = Release|Win32
		{12D2947B-2B4E-437C-B82F-24E18FBF9E3E}.Release|x86.Build.0 = Release|Win32
		{5717FE87-C42B-4285-BDC1-7545C48C53B5}.Debug|x64.ActiveCfg = Debug|x64
		{5717FE87-C42B-4285-BDC1-7545C48C53B5}.Debug|x64.Build.0 = Debug|x64
		{5717FE87-C42B-4285-BDC1-7545C48C53B5}.Debug|x86.ActiveCfg = Debug|Win32
		{5717FE87-C42B-4285-BDC1-7545C48C53B5}.Debug|x86.Build.0 = Debug|Win32
		{5717FE87-C42B-4285-BDC1-7545C48C53B5}.Release|x64.ActiveCfg = Release|x64
		{5717FE87-C42B-4285-BDC1-7545C48C53B5}.Release|x64.Build.0 = Release|x64
		{5717FE87-C42B-4285-BDC1-7545C48C53B5}.Release|x86.ActiveCfg = Release|Win32
		{5717FE87-C42B-4285-BDC1-7545C48C53B5}.Release|x86.Build.0 = Release|Win32
		{6B85663B-742A-4566-BD7A-BB6BDF46F35B}.Debug|x64.ActiveCfg = Debug|x64
		{6B85663B-742A-4566-BD7A-BB6BDF46F35B}.Debug|x64.Build.0 = Debug|x64
		{6B85663B-742A-4566-BD7A-BB6BDF46F35B}.Debug|x86.ActiveCfg = Debug|Win32
		{6B85663B-742A-4566-BD7A-BB6BDF46F35B}.Debug|x86.Build.0 = Debug|Win32
		{6B85663B-742A-4566-BD7A-BB6BDF46F35B}.Release|x64.ActiveCfg = Release|x64
		{6B85663B-742A-4566-BD7A-BB6BDF46F35B}.Release|x64.Build.0 = Release|x64
		{6B85663B-742A-4566-BD7A-BB6BDF46F35B}.Release|x86.ActiveCfg = Release|Win32
		{6B85663B-742A-4566-BD7A-BB6BDF46F35B}.Release|x86.Build.0 = Release|Win32
	EndGlobalSection
	GlobalSection(SolutionProperties) = preSolution
		HideSolutionNode = FALSE
	EndGlobalSection
	GlobalSection(ExtensibilityGlobals) = postSolution
		SolutionGuid = {581D910D-61EB-424F-9E45-DB20B847CA9A}
	EndGlobalSection
EndGlobal
